// !$*UTF8*$!
{
	archiveVersion = 1;
	classes = {
	};
	objectVersion = 46;
	objects = {

/* Begin PBXBuildFile section */
		88198EA1180FC858003FD227 /* CoreData.framework in Frameworks */ = {isa = PBXBuildFile; fileRef = 88198EA0180FC858003FD227 /* CoreData.framework */; };
		88198EC1180FC90A003FD227 /* AssetTypePicker.m in Sources */ = {isa = PBXBuildFile; fileRef = 88198EA6180FC90A003FD227 /* AssetTypePicker.m */; };
		88198EC2180FC90A003FD227 /* BNRImageStore.m in Sources */ = {isa = PBXBuildFile; fileRef = 88198EA8180FC90A003FD227 /* BNRImageStore.m */; };
		88198EC3180FC90A003FD227 /* BNRItem.m in Sources */ = {isa = PBXBuildFile; fileRef = 88198EAA180FC90A003FD227 /* BNRItem.m */; };
		88198EC4180FC90A003FD227 /* BNRItemStore.m in Sources */ = {isa = PBXBuildFile; fileRef = 88198EAC180FC90A003FD227 /* BNRItemStore.m */; };
		88198EC5180FC90A003FD227 /* DetailViewController.m in Sources */ = {isa = PBXBuildFile; fileRef = 88198EAE180FC90A003FD227 /* DetailViewController.m */; };
		88198EC6180FC90A003FD227 /* DetailViewController.xib in Resources */ = {isa = PBXBuildFile; fileRef = 88198EAF180FC90A003FD227 /* DetailViewController.xib */; };
		88198EC9180FC90A003FD227 /* Homepwner.xcdatamodeld in Sources */ = {isa = PBXBuildFile; fileRef = 88198EB4180FC90A003FD227 /* Homepwner.xcdatamodeld */; };
		88198ECB180FC90A003FD227 /* HomepwnerItemCell.m in Sources */ = {isa = PBXBuildFile; fileRef = 88198EB9180FC90A003FD227 /* HomepwnerItemCell.m */; };
		88198ECC180FC90A003FD227 /* HomepwnerItemCell.xib in Resources */ = {isa = PBXBuildFile; fileRef = 88198EBA180FC90A003FD227 /* HomepwnerItemCell.xib */; };
		88198ECD180FC90A003FD227 /* ImageViewController.m in Sources */ = {isa = PBXBuildFile; fileRef = 88198EBC180FC90A003FD227 /* ImageViewController.m */; };
		88198ECE180FC90A003FD227 /* ImageViewController.xib in Resources */ = {isa = PBXBuildFile; fileRef = 88198EBD180FC90A003FD227 /* ImageViewController.xib */; };
		88198ECF180FC90A003FD227 /* ItemsViewController.m in Sources */ = {isa = PBXBuildFile; fileRef = 88198EBF180FC90A003FD227 /* ItemsViewController.m */; };
		88307E9E180BB7A90060F785 /* Foundation.framework in Frameworks */ = {isa = PBXBuildFile; fileRef = 88307E9D180BB7A90060F785 /* Foundation.framework */; };
		88307EA0180BB7A90060F785 /* CoreGraphics.framework in Frameworks */ = {isa = PBXBuildFile; fileRef = 88307E9F180BB7A90060F785 /* CoreGraphics.framework */; };
		88307EA2180BB7A90060F785 /* UIKit.framework in Frameworks */ = {isa = PBXBuildFile; fileRef = 88307EA1180BB7A90060F785 /* UIKit.framework */; };
		88307EA4180BB7A90060F785 /* SpriteKit.framework in Frameworks */ = {isa = PBXBuildFile; fileRef = 88307EA3180BB7A90060F785 /* SpriteKit.framework */; };
		88307EAA180BB7A90060F785 /* InfoPlist.strings in Resources */ = {isa = PBXBuildFile; fileRef = 88307EA8180BB7A90060F785 /* InfoPlist.strings */; };
		88307EAC180BB7A90060F785 /* main.m in Sources */ = {isa = PBXBuildFile; fileRef = 88307EAB180BB7A90060F785 /* main.m */; };
		88307EB0180BB7A90060F785 /* CMDAppDelegate.m in Sources */ = {isa = PBXBuildFile; fileRef = 88307EAF180BB7A90060F785 /* CMDAppDelegate.m */; };
		88307EB3180BB7A90060F785 /* Main.storyboard in Resources */ = {isa = PBXBuildFile; fileRef = 88307EB1180BB7A90060F785 /* Main.storyboard */; };
		88307EB6180BB7A90060F785 /* CMDViewController.m in Sources */ = {isa = PBXBuildFile; fileRef = 88307EB5180BB7A90060F785 /* CMDViewController.m */; };
		88307EB9180BB7A90060F785 /* CMDEditorScene.m in Sources */ = {isa = PBXBuildFile; fileRef = 88307EB8180BB7A90060F785 /* CMDEditorScene.m */; };
		88307EBD180BB7A90060F785 /* Images.xcassets in Resources */ = {isa = PBXBuildFile; fileRef = 88307EBC180BB7A90060F785 /* Images.xcassets */; };
		88307EC4180BB7A90060F785 /* XCTest.framework in Frameworks */ = {isa = PBXBuildFile; fileRef = 88307EC3180BB7A90060F785 /* XCTest.framework */; };
		88307EC5180BB7A90060F785 /* Foundation.framework in Frameworks */ = {isa = PBXBuildFile; fileRef = 88307E9D180BB7A90060F785 /* Foundation.framework */; };
		88307EC6180BB7A90060F785 /* UIKit.framework in Frameworks */ = {isa = PBXBuildFile; fileRef = 88307EA1180BB7A90060F785 /* UIKit.framework */; };
		88307ECE180BB7A90060F785 /* InfoPlist.strings in Resources */ = {isa = PBXBuildFile; fileRef = 88307ECC180BB7A90060F785 /* InfoPlist.strings */; };
		88307ED0180BB7A90060F785 /* cmEditDemoTests.m in Sources */ = {isa = PBXBuildFile; fileRef = 88307ECF180BB7A90060F785 /* cmEditDemoTests.m */; };
		88307EDA180BB9660060F785 /* Security.framework in Frameworks */ = {isa = PBXBuildFile; fileRef = 88307ED9180BB9660060F785 /* Security.framework */; };
		88307EDC180BB9750060F785 /* QuartzCore.framework in Frameworks */ = {isa = PBXBuildFile; fileRef = 88307EDB180BB9750060F785 /* QuartzCore.framework */; };
		88307EDE180BB9AB0060F785 /* ShinobiEssentials.framework in Frameworks */ = {isa = PBXBuildFile; fileRef = 88307EDD180BB9AB0060F785 /* ShinobiEssentials.framework */; };
		88307EE1180BC0190060F785 /* ShinobiEssentials.bundle in Resources */ = {isa = PBXBuildFile; fileRef = 88307EDF180BB9DC0060F785 /* ShinobiEssentials.bundle */; };
		885332ED1811913200B76366 /* catAdBanner.png in Resources */ = {isa = PBXBuildFile; fileRef = 885332E41811913200B76366 /* catAdBanner.png */; };
		885332EE1811913200B76366 /* catAdBanner3.png in Resources */ = {isa = PBXBuildFile; fileRef = 885332E51811913200B76366 /* catAdBanner3.png */; };
		885332EF1811913200B76366 /* catLogo.png in Resources */ = {isa = PBXBuildFile; fileRef = 885332E61811913200B76366 /* catLogo.png */; };
		885332F21811913200B76366 /* FBLogo.png in Resources */ = {isa = PBXBuildFile; fileRef = 885332E91811913200B76366 /* FBLogo.png */; };
		885332F31811913200B76366 /* spaceBkGrnd.png in Resources */ = {isa = PBXBuildFile; fileRef = 885332EA1811913200B76366 /* spaceBkGrnd.png */; };
		885332F51811913200B76366 /* twitterLogo.png in Resources */ = {isa = PBXBuildFile; fileRef = 885332EC1811913200B76366 /* twitterLogo.png */; };
		885332F7181191C900B76366 /* IMG_0007.MOV in Resources */ = {isa = PBXBuildFile; fileRef = 885332F6181191C900B76366 /* IMG_0007.MOV */; };
		88E45895181137BD00EFD8CB /* Social.framework in Frameworks */ = {isa = PBXBuildFile; fileRef = 88E45894181137BD00EFD8CB /* Social.framework */; };
/* End PBXBuildFile section */

/* Begin PBXContainerItemProxy section */
		88307EC7180BB7A90060F785 /* PBXContainerItemProxy */ = {
			isa = PBXContainerItemProxy;
			containerPortal = 88307E92180BB7A90060F785 /* Project object */;
			proxyType = 1;
			remoteGlobalIDString = 88307E99180BB7A90060F785;
			remoteInfo = cmEditDemo;
		};
/* End PBXContainerItemProxy section */

/* Begin PBXFileReference section */
		88198EA0180FC858003FD227 /* CoreData.framework */ = {isa = PBXFileReference; lastKnownFileType = wrapper.framework; name = CoreData.framework; path = System/Library/Frameworks/CoreData.framework; sourceTree = SDKROOT; };
		88198EA5180FC90A003FD227 /* AssetTypePicker.h */ = {isa = PBXFileReference; fileEncoding = 4; lastKnownFileType = sourcecode.c.h; path = AssetTypePicker.h; sourceTree = "<group>"; };
		88198EA6180FC90A003FD227 /* AssetTypePicker.m */ = {isa = PBXFileReference; fileEncoding = 4; lastKnownFileType = sourcecode.c.objc; path = AssetTypePicker.m; sourceTree = "<group>"; };
		88198EA7180FC90A003FD227 /* BNRImageStore.h */ = {isa = PBXFileReference; fileEncoding = 4; lastKnownFileType = sourcecode.c.h; path = BNRImageStore.h; sourceTree = "<group>"; };
		88198EA8180FC90A003FD227 /* BNRImageStore.m */ = {isa = PBXFileReference; fileEncoding = 4; lastKnownFileType = sourcecode.c.objc; path = BNRImageStore.m; sourceTree = "<group>"; };
		88198EA9180FC90A003FD227 /* BNRItem.h */ = {isa = PBXFileReference; fileEncoding = 4; lastKnownFileType = sourcecode.c.h; path = BNRItem.h; sourceTree = "<group>"; };
		88198EAA180FC90A003FD227 /* BNRItem.m */ = {isa = PBXFileReference; fileEncoding = 4; lastKnownFileType = sourcecode.c.objc; path = BNRItem.m; sourceTree = "<group>"; };
		88198EAB180FC90A003FD227 /* BNRItemStore.h */ = {isa = PBXFileReference; fileEncoding = 4; lastKnownFileType = sourcecode.c.h; path = BNRItemStore.h; sourceTree = "<group>"; };
		88198EAC180FC90A003FD227 /* BNRItemStore.m */ = {isa = PBXFileReference; fileEncoding = 4; lastKnownFileType = sourcecode.c.objc; path = BNRItemStore.m; sourceTree = "<group>"; };
		88198EAD180FC90A003FD227 /* DetailViewController.h */ = {isa = PBXFileReference; fileEncoding = 4; lastKnownFileType = sourcecode.c.h; path = DetailViewController.h; sourceTree = "<group>"; };
		88198EAE180FC90A003FD227 /* DetailViewController.m */ = {isa = PBXFileReference; fileEncoding = 4; lastKnownFileType = sourcecode.c.objc; path = DetailViewController.m; sourceTree = "<group>"; };
		88198EAF180FC90A003FD227 /* DetailViewController.xib */ = {isa = PBXFileReference; fileEncoding = 4; lastKnownFileType = file.xib; path = DetailViewController.xib; sourceTree = "<group>"; };
		88198EB5180FC90A003FD227 /* Homepwner.xcdatamodel */ = {isa = PBXFileReference; lastKnownFileType = wrapper.xcdatamodel; path = Homepwner.xcdatamodel; sourceTree = "<group>"; };
		88198EB8180FC90A003FD227 /* HomepwnerItemCell.h */ = {isa = PBXFileReference; fileEncoding = 4; lastKnownFileType = sourcecode.c.h; path = HomepwnerItemCell.h; sourceTree = "<group>"; };
		88198EB9180FC90A003FD227 /* HomepwnerItemCell.m */ = {isa = PBXFileReference; fileEncoding = 4; lastKnownFileType = sourcecode.c.objc; path = HomepwnerItemCell.m; sourceTree = "<group>"; };
		88198EBA180FC90A003FD227 /* HomepwnerItemCell.xib */ = {isa = PBXFileReference; fileEncoding = 4; lastKnownFileType = file.xib; path = HomepwnerItemCell.xib; sourceTree = "<group>"; };
		88198EBB180FC90A003FD227 /* ImageViewController.h */ = {isa = PBXFileReference; fileEncoding = 4; lastKnownFileType = sourcecode.c.h; path = ImageViewController.h; sourceTree = "<group>"; };
		88198EBC180FC90A003FD227 /* ImageViewController.m */ = {isa = PBXFileReference; fileEncoding = 4; lastKnownFileType = sourcecode.c.objc; path = ImageViewController.m; sourceTree = "<group>"; };
		88198EBD180FC90A003FD227 /* ImageViewController.xib */ = {isa = PBXFileReference; fileEncoding = 4; lastKnownFileType = file.xib; path = ImageViewController.xib; sourceTree = "<group>"; };
		88198EBE180FC90A003FD227 /* ItemsViewController.h */ = {isa = PBXFileReference; fileEncoding = 4; lastKnownFileType = sourcecode.c.h; path = ItemsViewController.h; sourceTree = "<group>"; };
		88198EBF180FC90A003FD227 /* ItemsViewController.m */ = {isa = PBXFileReference; fileEncoding = 4; lastKnownFileType = sourcecode.c.objc; path = ItemsViewController.m; sourceTree = "<group>"; };
		88307E9A180BB7A90060F785 /* cmEditDemo.app */ = {isa = PBXFileReference; explicitFileType = wrapper.application; includeInIndex = 0; path = cmEditDemo.app; sourceTree = BUILT_PRODUCTS_DIR; };
		88307E9D180BB7A90060F785 /* Foundation.framework */ = {isa = PBXFileReference; lastKnownFileType = wrapper.framework; name = Foundation.framework; path = System/Library/Frameworks/Foundation.framework; sourceTree = SDKROOT; };
		88307E9F180BB7A90060F785 /* CoreGraphics.framework */ = {isa = PBXFileReference; lastKnownFileType = wrapper.framework; name = CoreGraphics.framework; path = System/Library/Frameworks/CoreGraphics.framework; sourceTree = SDKROOT; };
		88307EA1180BB7A90060F785 /* UIKit.framework */ = {isa = PBXFileReference; lastKnownFileType = wrapper.framework; name = UIKit.framework; path = System/Library/Frameworks/UIKit.framework; sourceTree = SDKROOT; };
		88307EA3180BB7A90060F785 /* SpriteKit.framework */ = {isa = PBXFileReference; lastKnownFileType = wrapper.framework; name = SpriteKit.framework; path = System/Library/Frameworks/SpriteKit.framework; sourceTree = SDKROOT; };
		88307EA7180BB7A90060F785 /* cmEditDemo-Info.plist */ = {isa = PBXFileReference; lastKnownFileType = text.plist.xml; path = "cmEditDemo-Info.plist"; sourceTree = "<group>"; };
		88307EA9180BB7A90060F785 /* en */ = {isa = PBXFileReference; lastKnownFileType = text.plist.strings; name = en; path = en.lproj/InfoPlist.strings; sourceTree = "<group>"; };
		88307EAB180BB7A90060F785 /* main.m */ = {isa = PBXFileReference; lastKnownFileType = sourcecode.c.objc; path = main.m; sourceTree = "<group>"; };
		88307EAD180BB7A90060F785 /* cmEditDemo-Prefix.pch */ = {isa = PBXFileReference; lastKnownFileType = sourcecode.c.h; path = "cmEditDemo-Prefix.pch"; sourceTree = "<group>"; };
		88307EAE180BB7A90060F785 /* CMDAppDelegate.h */ = {isa = PBXFileReference; lastKnownFileType = sourcecode.c.h; path = CMDAppDelegate.h; sourceTree = "<group>"; };
		88307EAF180BB7A90060F785 /* CMDAppDelegate.m */ = {isa = PBXFileReference; lastKnownFileType = sourcecode.c.objc; path = CMDAppDelegate.m; sourceTree = "<group>"; };
		88307EB2180BB7A90060F785 /* Base */ = {isa = PBXFileReference; lastKnownFileType = file.storyboard; name = Base; path = Base.lproj/Main.storyboard; sourceTree = "<group>"; };
		88307EB4180BB7A90060F785 /* CMDViewController.h */ = {isa = PBXFileReference; lastKnownFileType = sourcecode.c.h; path = CMDViewController.h; sourceTree = "<group>"; };
		88307EB5180BB7A90060F785 /* CMDViewController.m */ = {isa = PBXFileReference; lastKnownFileType = sourcecode.c.objc; path = CMDViewController.m; sourceTree = "<group>"; };
		88307EB7180BB7A90060F785 /* CMDEditorScene.h */ = {isa = PBXFileReference; lastKnownFileType = sourcecode.c.h; path = CMDEditorScene.h; sourceTree = "<group>"; };
		88307EB8180BB7A90060F785 /* CMDEditorScene.m */ = {isa = PBXFileReference; lastKnownFileType = sourcecode.c.objc; path = CMDEditorScene.m; sourceTree = "<group>"; };
		88307EBC180BB7A90060F785 /* Images.xcassets */ = {isa = PBXFileReference; lastKnownFileType = folder.assetcatalog; path = Images.xcassets; sourceTree = "<group>"; };
		88307EC2180BB7A90060F785 /* cmEditDemoTests.xctest */ = {isa = PBXFileReference; explicitFileType = wrapper.cfbundle; includeInIndex = 0; path = cmEditDemoTests.xctest; sourceTree = BUILT_PRODUCTS_DIR; };
		88307EC3180BB7A90060F785 /* XCTest.framework */ = {isa = PBXFileReference; lastKnownFileType = wrapper.framework; name = XCTest.framework; path = Library/Frameworks/XCTest.framework; sourceTree = DEVELOPER_DIR; };
		88307ECB180BB7A90060F785 /* cmEditDemoTests-Info.plist */ = {isa = PBXFileReference; lastKnownFileType = text.plist.xml; path = "cmEditDemoTests-Info.plist"; sourceTree = "<group>"; };
		88307ECD180BB7A90060F785 /* en */ = {isa = PBXFileReference; lastKnownFileType = text.plist.strings; name = en; path = en.lproj/InfoPlist.strings; sourceTree = "<group>"; };
		88307ECF180BB7A90060F785 /* cmEditDemoTests.m */ = {isa = PBXFileReference; lastKnownFileType = sourcecode.c.objc; path = cmEditDemoTests.m; sourceTree = "<group>"; };
		88307ED9180BB9660060F785 /* Security.framework */ = {isa = PBXFileReference; lastKnownFileType = wrapper.framework; name = Security.framework; path = System/Library/Frameworks/Security.framework; sourceTree = SDKROOT; };
		88307EDB180BB9750060F785 /* QuartzCore.framework */ = {isa = PBXFileReference; lastKnownFileType = wrapper.framework; name = QuartzCore.framework; path = System/Library/Frameworks/QuartzCore.framework; sourceTree = SDKROOT; };
		88307EDD180BB9AB0060F785 /* ShinobiEssentials.framework */ = {isa = PBXFileReference; lastKnownFileType = wrapper.framework; name = ShinobiEssentials.framework; path = ../../../Desktop/ShinobiEssentials/ShinobiEssentials.framework; sourceTree = "<group>"; };
		88307EDF180BB9DC0060F785 /* ShinobiEssentials.bundle */ = {isa = PBXFileReference; lastKnownFileType = "wrapper.plug-in"; name = ShinobiEssentials.bundle; path = ../../../../Desktop/ShinobiEssentials/ShinobiEssentials.bundle; sourceTree = "<group>"; };
		885332E41811913200B76366 /* catAdBanner.png */ = {isa = PBXFileReference; lastKnownFileType = image.png; path = catAdBanner.png; sourceTree = "<group>"; };
		885332E51811913200B76366 /* catAdBanner3.png */ = {isa = PBXFileReference; lastKnownFileType = image.png; path = catAdBanner3.png; sourceTree = "<group>"; };
		885332E61811913200B76366 /* catLogo.png */ = {isa = PBXFileReference; lastKnownFileType = image.png; path = catLogo.png; sourceTree = "<group>"; };
		885332E91811913200B76366 /* FBLogo.png */ = {isa = PBXFileReference; lastKnownFileType = image.png; path = FBLogo.png; sourceTree = "<group>"; };
		885332EA1811913200B76366 /* spaceBkGrnd.png */ = {isa = PBXFileReference; lastKnownFileType = image.png; path = spaceBkGrnd.png; sourceTree = "<group>"; };
		885332EC1811913200B76366 /* twitterLogo.png */ = {isa = PBXFileReference; lastKnownFileType = image.png; path = twitterLogo.png; sourceTree = "<group>"; };
		885332F6181191C900B76366 /* IMG_0007.MOV */ = {isa = PBXFileReference; lastKnownFileType = video.quicktime; path = IMG_0007.MOV; sourceTree = "<group>"; };
		88E45894181137BD00EFD8CB /* Social.framework */ = {isa = PBXFileReference; lastKnownFileType = wrapper.framework; name = Social.framework; path = System/Library/Frameworks/Social.framework; sourceTree = SDKROOT; };
/* End PBXFileReference section */

/* Begin PBXFrameworksBuildPhase section */
		88307E97180BB7A90060F785 /* Frameworks */ = {
			isa = PBXFrameworksBuildPhase;
			buildActionMask = 2147483647;
			files = (
				88E45895181137BD00EFD8CB /* Social.framework in Frameworks */,
				88198EA1180FC858003FD227 /* CoreData.framework in Frameworks */,
				88307EDE180BB9AB0060F785 /* ShinobiEssentials.framework in Frameworks */,
				88307EDC180BB9750060F785 /* QuartzCore.framework in Frameworks */,
				88307EDA180BB9660060F785 /* Security.framework in Frameworks */,
				88307EA0180BB7A90060F785 /* CoreGraphics.framework in Frameworks */,
				88307EA2180BB7A90060F785 /* UIKit.framework in Frameworks */,
				88307EA4180BB7A90060F785 /* SpriteKit.framework in Frameworks */,
				88307E9E180BB7A90060F785 /* Foundation.framework in Frameworks */,
			);
			runOnlyForDeploymentPostprocessing = 0;
		};
		88307EBF180BB7A90060F785 /* Frameworks */ = {
			isa = PBXFrameworksBuildPhase;
			buildActionMask = 2147483647;
			files = (
				88307EC4180BB7A90060F785 /* XCTest.framework in Frameworks */,
				88307EC6180BB7A90060F785 /* UIKit.framework in Frameworks */,
				88307EC5180BB7A90060F785 /* Foundation.framework in Frameworks */,
			);
			runOnlyForDeploymentPostprocessing = 0;
		};
/* End PBXFrameworksBuildPhase section */

/* Begin PBXGroup section */
		88198EA4180FC90A003FD227 /* BNRInventory */ = {
			isa = PBXGroup;
			children = (
				88198EA5180FC90A003FD227 /* AssetTypePicker.h */,
				88198EA6180FC90A003FD227 /* AssetTypePicker.m */,
				88198EA7180FC90A003FD227 /* BNRImageStore.h */,
				88198EA8180FC90A003FD227 /* BNRImageStore.m */,
				88198EA9180FC90A003FD227 /* BNRItem.h */,
				88198EAA180FC90A003FD227 /* BNRItem.m */,
				88198EAB180FC90A003FD227 /* BNRItemStore.h */,
				88198EAC180FC90A003FD227 /* BNRItemStore.m */,
				88198EAD180FC90A003FD227 /* DetailViewController.h */,
				88198EAE180FC90A003FD227 /* DetailViewController.m */,
				88198EAF180FC90A003FD227 /* DetailViewController.xib */,
				88198EB4180FC90A003FD227 /* Homepwner.xcdatamodeld */,
				88198EB8180FC90A003FD227 /* HomepwnerItemCell.h */,
				88198EB9180FC90A003FD227 /* HomepwnerItemCell.m */,
				88198EBA180FC90A003FD227 /* HomepwnerItemCell.xib */,
				88198EBB180FC90A003FD227 /* ImageViewController.h */,
				88198EBC180FC90A003FD227 /* ImageViewController.m */,
				88198EBD180FC90A003FD227 /* ImageViewController.xib */,
				88198EBE180FC90A003FD227 /* ItemsViewController.h */,
				88198EBF180FC90A003FD227 /* ItemsViewController.m */,
			);
			name = BNRInventory;
			path = Homepwner;
			sourceTree = "<group>";
		};
		88307E91180BB7A90060F785 = {
			isa = PBXGroup;
			children = (
				88307EA5180BB7A90060F785 /* cmEditDemo */,
				88307EC9180BB7A90060F785 /* cmEditDemoTests */,
				88307E9C180BB7A90060F785 /* Frameworks */,
				88307E9B180BB7A90060F785 /* Products */,
			);
			sourceTree = "<group>";
		};
		88307E9B180BB7A90060F785 /* Products */ = {
			isa = PBXGroup;
			children = (
				88307E9A180BB7A90060F785 /* cmEditDemo.app */,
				88307EC2180BB7A90060F785 /* cmEditDemoTests.xctest */,
			);
			name = Products;
			sourceTree = "<group>";
		};
		88307E9C180BB7A90060F785 /* Frameworks */ = {
			isa = PBXGroup;
			children = (
				88E45894181137BD00EFD8CB /* Social.framework */,
				88198EA0180FC858003FD227 /* CoreData.framework */,
				88307E9F180BB7A90060F785 /* CoreGraphics.framework */,
				88307E9D180BB7A90060F785 /* Foundation.framework */,
				88307EDB180BB9750060F785 /* QuartzCore.framework */,
				88307ED9180BB9660060F785 /* Security.framework */,
				88307EDD180BB9AB0060F785 /* ShinobiEssentials.framework */,
				88307EA3180BB7A90060F785 /* SpriteKit.framework */,
				88307EA1180BB7A90060F785 /* UIKit.framework */,
				88307EC3180BB7A90060F785 /* XCTest.framework */,
			);
			name = Frameworks;
			sourceTree = "<group>";
		};
		88307EA5180BB7A90060F785 /* cmEditDemo */ = {
			isa = PBXGroup;
			children = (
				88198EA4180FC90A003FD227 /* BNRInventory */,
				88307EAE180BB7A90060F785 /* CMDAppDelegate.h */,
				88307EAF180BB7A90060F785 /* CMDAppDelegate.m */,
				88307EB7180BB7A90060F785 /* CMDEditorScene.h */,
				88307EB8180BB7A90060F785 /* CMDEditorScene.m */,
				88307EB4180BB7A90060F785 /* CMDViewController.h */,
				88307EB5180BB7A90060F785 /* CMDViewController.m */,
				885332E31811913200B76366 /* EditorAssets */,
				88307EBC180BB7A90060F785 /* Images.xcassets */,
				88307EB1180BB7A90060F785 /* Main.storyboard */,
				88307EA6180BB7A90060F785 /* Supporting Files */,
			);
			path = cmEditDemo;
			sourceTree = "<group>";
		};
		88307EA6180BB7A90060F785 /* Supporting Files */ = {
			isa = PBXGroup;
			children = (
				88307EDF180BB9DC0060F785 /* ShinobiEssentials.bundle */,
				88307EA7180BB7A90060F785 /* cmEditDemo-Info.plist */,
				88307EA8180BB7A90060F785 /* InfoPlist.strings */,
				88307EAB180BB7A90060F785 /* main.m */,
				88307EAD180BB7A90060F785 /* cmEditDemo-Prefix.pch */,
			);
			name = "Supporting Files";
			sourceTree = "<group>";
		};
		88307EC9180BB7A90060F785 /* cmEditDemoTests */ = {
			isa = PBXGroup;
			children = (
				88307ECF180BB7A90060F785 /* cmEditDemoTests.m */,
				88307ECA180BB7A90060F785 /* Supporting Files */,
			);
			path = cmEditDemoTests;
			sourceTree = "<group>";
		};
		88307ECA180BB7A90060F785 /* Supporting Files */ = {
			isa = PBXGroup;
			children = (
				88307ECB180BB7A90060F785 /* cmEditDemoTests-Info.plist */,
				88307ECC180BB7A90060F785 /* InfoPlist.strings */,
			);
			name = "Supporting Files";
			sourceTree = "<group>";
		};
		885332E31811913200B76366 /* EditorAssets */ = {
			isa = PBXGroup;
			children = (
				885332F6181191C900B76366 /* IMG_0007.MOV */,
				885332E41811913200B76366 /* catAdBanner.png */,
				885332E51811913200B76366 /* catAdBanner3.png */,
				885332E61811913200B76366 /* catLogo.png */,
				885332E91811913200B76366 /* FBLogo.png */,
				885332EA1811913200B76366 /* spaceBkGrnd.png */,
				885332EC1811913200B76366 /* twitterLogo.png */,
			);
			path = EditorAssets;
			sourceTree = "<group>";
		};
/* End PBXGroup section */

/* Begin PBXNativeTarget section */
		88307E99180BB7A90060F785 /* cmEditDemo */ = {
			isa = PBXNativeTarget;
			buildConfigurationList = 88307ED3180BB7A90060F785 /* Build configuration list for PBXNativeTarget "cmEditDemo" */;
			buildPhases = (
				88307E96180BB7A90060F785 /* Sources */,
				88307E97180BB7A90060F785 /* Frameworks */,
				88307E98180BB7A90060F785 /* Resources */,
			);
			buildRules = (
			);
			dependencies = (
			);
			name = cmEditDemo;
			productName = cmEditDemo;
			productReference = 88307E9A180BB7A90060F785 /* cmEditDemo.app */;
			productType = "com.apple.product-type.application";
		};
		88307EC1180BB7A90060F785 /* cmEditDemoTests */ = {
			isa = PBXNativeTarget;
			buildConfigurationList = 88307ED6180BB7A90060F785 /* Build configuration list for PBXNativeTarget "cmEditDemoTests" */;
			buildPhases = (
				88307EBE180BB7A90060F785 /* Sources */,
				88307EBF180BB7A90060F785 /* Frameworks */,
				88307EC0180BB7A90060F785 /* Resources */,
			);
			buildRules = (
			);
			dependencies = (
				88307EC8180BB7A90060F785 /* PBXTargetDependency */,
			);
			name = cmEditDemoTests;
			productName = cmEditDemoTests;
			productReference = 88307EC2180BB7A90060F785 /* cmEditDemoTests.xctest */;
			productType = "com.apple.product-type.bundle.unit-test";
		};
/* End PBXNativeTarget section */

/* Begin PBXProject section */
		88307E92180BB7A90060F785 /* Project object */ = {
			isa = PBXProject;
			attributes = {
				CLASSPREFIX = CMD;
				LastUpgradeCheck = 0500;
				TargetAttributes = {
					88307E99180BB7A90060F785 = {
						DevelopmentTeam = SX493JL6TF;
					};
					88307EC1180BB7A90060F785 = {
						TestTargetID = 88307E99180BB7A90060F785;
					};
				};
			};
			buildConfigurationList = 88307E95180BB7A90060F785 /* Build configuration list for PBXProject "cmEditDemo" */;
			compatibilityVersion = "Xcode 3.2";
			developmentRegion = English;
			hasScannedForEncodings = 0;
			knownRegions = (
				en,
				Base,
			);
			mainGroup = 88307E91180BB7A90060F785;
			productRefGroup = 88307E9B180BB7A90060F785 /* Products */;
			projectDirPath = "";
			projectRoot = "";
			targets = (
				88307E99180BB7A90060F785 /* cmEditDemo */,
				88307EC1180BB7A90060F785 /* cmEditDemoTests */,
			);
		};
/* End PBXProject section */

/* Begin PBXResourcesBuildPhase section */
		88307E98180BB7A90060F785 /* Resources */ = {
			isa = PBXResourcesBuildPhase;
			buildActionMask = 2147483647;
			files = (
				885332EF1811913200B76366 /* catLogo.png in Resources */,
				885332ED1811913200B76366 /* catAdBanner.png in Resources */,
				88198EC6180FC90A003FD227 /* DetailViewController.xib in Resources */,
				88307EE1180BC0190060F785 /* ShinobiEssentials.bundle in Resources */,
				88198ECE180FC90A003FD227 /* ImageViewController.xib in Resources */,
				88307EAA180BB7A90060F785 /* InfoPlist.strings in Resources */,
				885332F21811913200B76366 /* FBLogo.png in Resources */,
				88307EBD180BB7A90060F785 /* Images.xcassets in Resources */,
				885332EE1811913200B76366 /* catAdBanner3.png in Resources */,
				88198ECC180FC90A003FD227 /* HomepwnerItemCell.xib in Resources */,
				885332F7181191C900B76366 /* IMG_0007.MOV in Resources */,
				885332F51811913200B76366 /* twitterLogo.png in Resources */,
				885332F31811913200B76366 /* spaceBkGrnd.png in Resources */,
				88307EB3180BB7A90060F785 /* Main.storyboard in Resources */,
			);
			runOnlyForDeploymentPostprocessing = 0;
		};
		88307EC0180BB7A90060F785 /* Resources */ = {
			isa = PBXResourcesBuildPhase;
			buildActionMask = 2147483647;
			files = (
				88307ECE180BB7A90060F785 /* InfoPlist.strings in Resources */,
			);
			runOnlyForDeploymentPostprocessing = 0;
		};
/* End PBXResourcesBuildPhase section */

/* Begin PBXSourcesBuildPhase section */
		88307E96180BB7A90060F785 /* Sources */ = {
			isa = PBXSourcesBuildPhase;
			buildActionMask = 2147483647;
			files = (
				88307EAC180BB7A90060F785 /* main.m in Sources */,
				88198EC1180FC90A003FD227 /* AssetTypePicker.m in Sources */,
				88198ECB180FC90A003FD227 /* HomepwnerItemCell.m in Sources */,
				88198EC5180FC90A003FD227 /* DetailViewController.m in Sources */,
				88198ECD180FC90A003FD227 /* ImageViewController.m in Sources */,
				88198EC2180FC90A003FD227 /* BNRImageStore.m in Sources */,
				88307EB0180BB7A90060F785 /* CMDAppDelegate.m in Sources */,
				88198EC3180FC90A003FD227 /* BNRItem.m in Sources */,
				88198ECF180FC90A003FD227 /* ItemsViewController.m in Sources */,
				88307EB6180BB7A90060F785 /* CMDViewController.m in Sources */,
				88307EB9180BB7A90060F785 /* CMDEditorScene.m in Sources */,
				88198EC4180FC90A003FD227 /* BNRItemStore.m in Sources */,
				88198EC9180FC90A003FD227 /* Homepwner.xcdatamodeld in Sources */,
			);
			runOnlyForDeploymentPostprocessing = 0;
		};
		88307EBE180BB7A90060F785 /* Sources */ = {
			isa = PBXSourcesBuildPhase;
			buildActionMask = 2147483647;
			files = (
				88307ED0180BB7A90060F785 /* cmEditDemoTests.m in Sources */,
			);
			runOnlyForDeploymentPostprocessing = 0;
		};
/* End PBXSourcesBuildPhase section */

/* Begin PBXTargetDependency section */
		88307EC8180BB7A90060F785 /* PBXTargetDependency */ = {
			isa = PBXTargetDependency;
			target = 88307E99180BB7A90060F785 /* cmEditDemo */;
			targetProxy = 88307EC7180BB7A90060F785 /* PBXContainerItemProxy */;
		};
/* End PBXTargetDependency section */

/* Begin PBXVariantGroup section */
		88307EA8180BB7A90060F785 /* InfoPlist.strings */ = {
			isa = PBXVariantGroup;
			children = (
				88307EA9180BB7A90060F785 /* en */,
			);
			name = InfoPlist.strings;
			sourceTree = "<group>";
		};
		88307EB1180BB7A90060F785 /* Main.storyboard */ = {
			isa = PBXVariantGroup;
			children = (
				88307EB2180BB7A90060F785 /* Base */,
			);
			name = Main.storyboard;
			sourceTree = "<group>";
		};
		88307ECC180BB7A90060F785 /* InfoPlist.strings */ = {
			isa = PBXVariantGroup;
			children = (
				88307ECD180BB7A90060F785 /* en */,
			);
			name = InfoPlist.strings;
			sourceTree = "<group>";
		};
/* End PBXVariantGroup section */

/* Begin XCBuildConfiguration section */
		88307ED1180BB7A90060F785 /* Debug */ = {
			isa = XCBuildConfiguration;
			buildSettings = {
				ALWAYS_SEARCH_USER_PATHS = NO;
				ARCHS = "$(ARCHS_STANDARD_INCLUDING_64_BIT)";
				CLANG_CXX_LANGUAGE_STANDARD = "gnu++0x";
				CLANG_CXX_LIBRARY = "libc++";
				CLANG_ENABLE_MODULES = YES;
				CLANG_ENABLE_OBJC_ARC = YES;
				CLANG_WARN_BOOL_CONVERSION = YES;
				CLANG_WARN_CONSTANT_CONVERSION = YES;
				CLANG_WARN_DIRECT_OBJC_ISA_USAGE = YES_ERROR;
				CLANG_WARN_EMPTY_BODY = YES;
				CLANG_WARN_ENUM_CONVERSION = YES;
				CLANG_WARN_INT_CONVERSION = YES;
				CLANG_WARN_OBJC_ROOT_CLASS = YES_ERROR;
				CLANG_WARN__DUPLICATE_METHOD_MATCH = YES;
				"CODE_SIGN_IDENTITY[sdk=iphoneos*]" = "iPhone Developer";
				COPY_PHASE_STRIP = NO;
				GCC_C_LANGUAGE_STANDARD = gnu99;
				GCC_DYNAMIC_NO_PIC = NO;
				GCC_OPTIMIZATION_LEVEL = 0;
				GCC_PREPROCESSOR_DEFINITIONS = (
					"DEBUG=1",
					"$(inherited)",
				);
				GCC_SYMBOLS_PRIVATE_EXTERN = NO;
				GCC_WARN_64_TO_32_BIT_CONVERSION = YES;
				GCC_WARN_ABOUT_RETURN_TYPE = YES_ERROR;
				GCC_WARN_UNDECLARED_SELECTOR = YES;
				GCC_WARN_UNINITIALIZED_AUTOS = YES;
				GCC_WARN_UNUSED_FUNCTION = YES;
				GCC_WARN_UNUSED_VARIABLE = YES;
				IPHONEOS_DEPLOYMENT_TARGET = 7.0;
				ONLY_ACTIVE_ARCH = YES;
				SDKROOT = iphoneos;
			};
			name = Debug;
		};
		88307ED2180BB7A90060F785 /* Release */ = {
			isa = XCBuildConfiguration;
			buildSettings = {
				ALWAYS_SEARCH_USER_PATHS = NO;
				ARCHS = "$(ARCHS_STANDARD_INCLUDING_64_BIT)";
				CLANG_CXX_LANGUAGE_STANDARD = "gnu++0x";
				CLANG_CXX_LIBRARY = "libc++";
				CLANG_ENABLE_MODULES = YES;
				CLANG_ENABLE_OBJC_ARC = YES;
				CLANG_WARN_BOOL_CONVERSION = YES;
				CLANG_WARN_CONSTANT_CONVERSION = YES;
				CLANG_WARN_DIRECT_OBJC_ISA_USAGE = YES_ERROR;
				CLANG_WARN_EMPTY_BODY = YES;
				CLANG_WARN_ENUM_CONVERSION = YES;
				CLANG_WARN_INT_CONVERSION = YES;
				CLANG_WARN_OBJC_ROOT_CLASS = YES_ERROR;
				CLANG_WARN__DUPLICATE_METHOD_MATCH = YES;
				"CODE_SIGN_IDENTITY[sdk=iphoneos*]" = "iPhone Developer";
				COPY_PHASE_STRIP = YES;
				ENABLE_NS_ASSERTIONS = NO;
				GCC_C_LANGUAGE_STANDARD = gnu99;
				GCC_WARN_64_TO_32_BIT_CONVERSION = YES;
				GCC_WARN_ABOUT_RETURN_TYPE = YES_ERROR;
				GCC_WARN_UNDECLARED_SELECTOR = YES;
				GCC_WARN_UNINITIALIZED_AUTOS = YES;
				GCC_WARN_UNUSED_FUNCTION = YES;
				GCC_WARN_UNUSED_VARIABLE = YES;
				IPHONEOS_DEPLOYMENT_TARGET = 7.0;
				SDKROOT = iphoneos;
				VALIDATE_PRODUCT = YES;
			};
			name = Release;
		};
		88307ED4180BB7A90060F785 /* Debug */ = {
			isa = XCBuildConfiguration;
			buildSettings = {
				ASSETCATALOG_COMPILER_APPICON_NAME = AppIcon;
				ASSETCATALOG_COMPILER_LAUNCHIMAGE_NAME = LaunchImage;
				CODE_SIGN_IDENTITY = "iPhone Developer";
				"CODE_SIGN_IDENTITY[sdk=iphoneos*]" = "iPhone Developer";
				FRAMEWORK_SEARCH_PATHS = (
					"$(inherited)",
					/Users/kmerrill/Desktop/ShinobiEssentials,
				);
				GCC_PRECOMPILE_PREFIX_HEADER = YES;
				GCC_PREFIX_HEADER = "cmEditDemo/cmEditDemo-Prefix.pch";
				INFOPLIST_FILE = "cmEditDemo/cmEditDemo-Info.plist";
				LIBRARY_SEARCH_PATHS = (
					"$(inherited)",
					/Users/kmerrill/iOS/BNR/cmEditDemo/cmEditDemo,
				);
				OTHER_LDFLAGS = "";
				PRODUCT_NAME = "$(TARGET_NAME)";
				PROVISIONING_PROFILE = "DB78E27E-8EB8-45F4-ABAE-C428841D7D99";
				SPRITEKIT_TEXTURE_ATLAS_OUTPUT = YES;
				WRAPPER_EXTENSION = app;
			};
			name = Debug;
		};
		88307ED5180BB7A90060F785 /* Release */ = {
			isa = XCBuildConfiguration;
			buildSettings = {
				ASSETCATALOG_COMPILER_APPICON_NAME = AppIcon;
				ASSETCATALOG_COMPILER_LAUNCHIMAGE_NAME = LaunchImage;
				CODE_SIGN_IDENTITY = "iPhone Developer";
				"CODE_SIGN_IDENTITY[sdk=iphoneos*]" = "iPhone Developer";
				FRAMEWORK_SEARCH_PATHS = (
					"$(inherited)",
					/Users/kmerrill/Desktop/ShinobiEssentials,
				);
				GCC_PRECOMPILE_PREFIX_HEADER = YES;
				GCC_PREFIX_HEADER = "cmEditDemo/cmEditDemo-Prefix.pch";
				INFOPLIST_FILE = "cmEditDemo/cmEditDemo-Info.plist";
				LIBRARY_SEARCH_PATHS = (
					"$(inherited)",
					/Users/kmerrill/iOS/BNR/cmEditDemo/cmEditDemo,
				);
				OTHER_CFLAGS = "";
				OTHER_LDFLAGS = "";
				PRODUCT_NAME = "$(TARGET_NAME)";
				PROVISIONING_PROFILE = "C146B49E-F713-4BAD-88BE-93B71C2DF2F5";
				SPRITEKIT_TEXTURE_ATLAS_OUTPUT = YES;
				WRAPPER_EXTENSION = app;
			};
			name = Release;
		};
		88307ED7180BB7A90060F785 /* Debug */ = {
			isa = XCBuildConfiguration;
			buildSettings = {
				ARCHS = "$(ARCHS_STANDARD_INCLUDING_64_BIT)";
				BUNDLE_LOADER = "$(BUILT_PRODUCTS_DIR)/cmEditDemo.app/cmEditDemo";
				FRAMEWORK_SEARCH_PATHS = (
					"$(SDKROOT)/Developer/Library/Frameworks",
					"$(inherited)",
					"$(DEVELOPER_FRAMEWORKS_DIR)",
				);
				GCC_PRECOMPILE_PREFIX_HEADER = YES;
				GCC_PREFIX_HEADER = "cmEditDemo/cmEditDemo-Prefix.pch";
				GCC_PREPROCESSOR_DEFINITIONS = (
					"DEBUG=1",
					"$(inherited)",
				);
				INFOPLIST_FILE = "cmEditDemoTests/cmEditDemoTests-Info.plist";
				PRODUCT_NAME = "$(TARGET_NAME)";
				TEST_HOST = "$(BUNDLE_LOADER)";
				WRAPPER_EXTENSION = xctest;
			};
			name = Debug;
		};
		88307ED8180BB7A90060F785 /* Release */ = {
			isa = XCBuildConfiguration;
			buildSettings = {
				ARCHS = "$(ARCHS_STANDARD_INCLUDING_64_BIT)";
				BUNDLE_LOADER = "$(BUILT_PRODUCTS_DIR)/cmEditDemo.app/cmEditDemo";
				FRAMEWORK_SEARCH_PATHS = (
					"$(SDKROOT)/Developer/Library/Frameworks",
					"$(inherited)",
					"$(DEVELOPER_FRAMEWORKS_DIR)",
				);
				GCC_PRECOMPILE_PREFIX_HEADER = YES;
				GCC_PREFIX_HEADER = "cmEditDemo/cmEditDemo-Prefix.pch";
				INFOPLIST_FILE = "cmEditDemoTests/cmEditDemoTests-Info.plist";
				PRODUCT_NAME = "$(TARGET_NAME)";
				TEST_HOST = "$(BUNDLE_LOADER)";
				WRAPPER_EXTENSION = xctest;
			};
			name = Release;
		};
/* End XCBuildConfiguration section */

/* Begin XCConfigurationList section */
		88307E95180BB7A90060F785 /* Build configuration list for PBXProject "cmEditDemo" */ = {
			isa = XCConfigurationList;
			buildConfigurations = (
				88307ED1180BB7A90060F785 /* Debug */,
				88307ED2180BB7A90060F785 /* Release */,
			);
			defaultConfigurationIsVisible = 0;
			defaultConfigurationName = Release;
		};
		88307ED3180BB7A90060F785 /* Build configuration list for PBXNativeTarget "cmEditDemo" */ = {
			isa = XCConfigurationList;
			buildConfigurations = (
				88307ED4180BB7A90060F785 /* Debug */,
				88307ED5180BB7A90060F785 /* Release */,
			);
			defaultConfigurationIsVisible = 0;
			defaultConfigurationName = Release;
		};
		88307ED6180BB7A90060F785 /* Build configuration list for PBXNativeTarget "cmEditDemoTests" */ = {
			isa = XCConfigurationList;
			buildConfigurations = (
				88307ED7180BB7A90060F785 /* Debug */,
				88307ED8180BB7A90060F785 /* Release */,
			);
			defaultConfigurationIsVisible = 0;
			defaultConfigurationName = Release;
		};
/* End XCConfigurationList section */

/* Begin XCVersionGroup section */
		88198EB4180FC90A003FD227 /* Homepwner.xcdatamodeld */ = {
			isa = XCVersionGroup;
			children = (
				88198EB5180FC90A003FD227 /* Homepwner.xcdatamodel */,
			);
			currentVersion = 88198EB5180FC90A003FD227 /* Homepwner.xcdatamodel */;
			path = Homepwner.xcdatamodeld;
			sourceTree = "<group>";
			versionGroupType = wrapper.xcdatamodel;
		};
/* End XCVersionGroup section */
	};
	rootObject = 88307E92180BB7A90060F785 /* Project object */;
}
